
Microsoft Visual Studio Solution File, Format Version 12.00
# Visual Studio Version 17
VisualStudioVersion = 17.6.33723.286
MinimumVisualStudioVersion = 10.0.40219.1
Project("{9A19103F-16F7-4668-BE54-9A1E7A4F7556}") = "Exercicio4", "Exercicio4\Exercicio4.csproj", "{F493C43A-B6BA-4F62-BE28-539A27DC83E9}"
EndProject
Project("{9A19103F-16F7-4668-BE54-9A1E7A4F7556}") = "Exercicio 5", "Exercicio 5\Exercicio 5.csproj", "{442A4A78-4559-4DB2-A7B5-5C2BAD983D53}"
EndProject
Project("{9A19103F-16F7-4668-BE54-9A1E7A4F7556}") = "Exercicio 6", "Exercicio 6\Exercicio 6.csproj", "{DA528D6F-D57D-4AC4-BA2F-ED8086BD7851}"
EndProject
Project("{FAE04EC0-301F-11D3-BF4B-00C04F79EFBC}") = "Exercicio 7", "Exercicio 7\Exercicio 7.csproj", "{5CA78FE9-1463-4FB5-9ABE-1BA93493A9ED}"
EndProject
Global
	GlobalSection(SolutionConfigurationPlatforms) = preSolution
		Debug|Any CPU = Debug|Any CPU
		Release|Any CPU = Release|Any CPU
	EndGlobalSection
	GlobalSection(ProjectConfigurationPlatforms) = postSolution
		{F493C43A-B6BA-4F62-BE28-539A27DC83E9}.Debug|Any CPU.ActiveCfg = Debug|Any CPU
		{F493C43A-B6BA-4F62-BE28-539A27DC83E9}.Debug|Any CPU.Build.0 = Debug|Any CPU
		{F493C43A-B6BA-4F62-BE28-539A27DC83E9}.Release|Any CPU.ActiveCfg = Release|Any CPU
		{F493C43A-B6BA-4F62-BE28-539A27DC83E9}.Release|Any CPU.Build.0 = Release|Any CPU
		{442A4A78-4559-4DB2-A7B5-5C2BAD983D53}.Debug|Any CPU.ActiveCfg = Debug|Any CPU
		{442A4A78-4559-4DB2-A7B5-5C2BAD983D53}.Debug|Any CPU.Build.0 = Debug|Any CPU
		{442A4A78-4559-4DB2-A7B5-5C2BAD983D53}.Release|Any CPU.ActiveCfg = Release|Any CPU
		{442A4A78-4559-4DB2-A7B5-5C2BAD983D53}.Release|Any CPU.Build.0 = Release|Any CPU
		{DA528D6F-D57D-4AC4-BA2F-ED8086BD7851}.Debug|Any CPU.ActiveCfg = Debug|Any CPU
		{DA528D6F-D57D-4AC4-BA2F-ED8086BD7851}.Debug|Any CPU.Build.0 = Debug|Any CPU
		{DA528D6F-D57D-4AC4-BA2F-ED8086BD7851}.Release|Any CPU.ActiveCfg = Release|Any CPU
		{DA528D6F-D57D-4AC4-BA2F-ED8086BD7851}.Release|Any CPU.Build.0 = Release|Any CPU
		{5CA78FE9-1463-4FB5-9ABE-1BA93493A9ED}.Debug|Any CPU.ActiveCfg = Debug|Any CPU
		{5CA78FE9-1463-4FB5-9ABE-1BA93493A9ED}.Debug|Any CPU.Build.0 = Debug|Any CPU
		{5CA78FE9-1463-4FB5-9ABE-1BA93493A9ED}.Release|Any CPU.ActiveCfg = Release|Any CPU
		{5CA78FE9-1463-4FB5-9ABE-1BA93493A9ED}.Release|Any CPU.Build.0 = Release|Any CPU
	EndGlobalSection
	GlobalSection(SolutionProperties) = preSolution
		HideSolutionNode = FALSE
	EndGlobalSection
	GlobalSection(ExtensibilityGlobals) = postSolution
		SolutionGuid = {29B78816-4E94-44D5-A350-D0D0BCC98E9B}
	EndGlobalSection
EndGlobal
